
Microsoft Visual Studio Solution File, Format Version 12.00
# Visual Studio Version 17
VisualStudioVersion = 17.11.35431.28
MinimumVisualStudioVersion = 10.0.40219.1
Project("{8BC9CEB8-8B4A-11D0-8D11-00A0C91BC942}") = "Code_2", "Code_2\Code_2.vcxproj", "{5C384553-D457-47DE-862F-7FD0439B6918}"
EndProject
Global
	GlobalSection(SolutionConfigurationPlatforms) = preSolution
		Debug|x64 = Debug|x64
		Debug|x86 = Debug|x86
		Release|x64 = Release|x64
		Release|x86 = Release|x86
	EndGlobalSection
	GlobalSection(ProjectConfigurationPlatforms) = postSolution
		{5C384553-D457-47DE-862F-7FD0439B6918}.Debug|x64.ActiveCfg = Debug|x64
		{5C384553-D457-47DE-862F-7FD0439B6918}.Debug|x64.Build.0 = Debug|x64
		{5C384553-D457-47DE-862F-7FD0439B6918}.Debug|x86.ActiveCfg = Debug|Win32
		{5C384553-D457-47DE-862F-7FD0439B6918}.Debug|x86.Build.0 = Debug|Win32
		{5C384553-D457-47DE-862F-7FD0439B6918}.Release|x64.ActiveCfg = Release|x64
		{5C384553-D457-47DE-862F-7FD0439B6918}.Release|x64.Build.0 = Release|x64
		{5C384553-D457-47DE-862F-7FD0439B6918}.Release|x86.ActiveCfg = Release|Win32
		{5C384553-D457-47DE-862F-7FD0439B6918}.Release|x86.Build.0 = Release|Win32
	EndGlobalSection
	GlobalSection(SolutionProperties) = preSolution
		HideSolutionNode = FALSE
	EndGlobalSection
	GlobalSection(ExtensibilityGlobals) = postSolution
		SolutionGuid = {905BC534-1AC8-4CA8-8611-35D03D99844C}
	EndGlobalSection
EndGlobal
